
Microsoft Visual Studio Solution File, Format Version 12.00
# Visual Studio Version 17
VisualStudioVersion = 17.0.32126.317
MinimumVisualStudioVersion = 10.0.40219.1
Project("{FAE04EC0-301F-11D3-BF4B-00C04F79EFBC}") = "МДК 02.02 задание 2", "МДК 02.02 задание 2\МДК 02.02 задание 2.csproj", "{1A52AC26-1E96-4CCB-9A82-181925B01AD3}"
EndProject
Project("{FAE04EC0-301F-11D3-BF4B-00C04F79EFBC}") = "Geometrus.Алихан", "Geometrus.Алихан\Geometrus.Алихан.csproj", "{F89909C2-CB54-463E-AAC5-ADF77F4DAE21}"
EndProject
Global
	GlobalSection(SolutionConfigurationPlatforms) = preSolution
		Debug|Any CPU = Debug|Any CPU
		Release|Any CPU = Release|Any CPU
	EndGlobalSection
	GlobalSection(ProjectConfigurationPlatforms) = postSolution
		{1A52AC26-1E96-4CCB-9A82-181925B01AD3}.Debug|Any CPU.ActiveCfg = Debug|Any CPU
		{1A52AC26-1E96-4CCB-9A82-181925B01AD3}.Debug|Any CPU.Build.0 = Debug|Any CPU
		{1A52AC26-1E96-4CCB-9A82-181925B01AD3}.Release|Any CPU.ActiveCfg = Release|Any CPU
		{1A52AC26-1E96-4CCB-9A82-181925B01AD3}.Release|Any CPU.Build.0 = Release|Any CPU
		{F89909C2-CB54-463E-AAC5-ADF77F4DAE21}.Debug|Any CPU.ActiveCfg = Debug|Any CPU
		{F89909C2-CB54-463E-AAC5-ADF77F4DAE21}.Debug|Any CPU.Build.0 = Debug|Any CPU
		{F89909C2-CB54-463E-AAC5-ADF77F4DAE21}.Release|Any CPU.ActiveCfg = Release|Any CPU
		{F89909C2-CB54-463E-AAC5-ADF77F4DAE21}.Release|Any CPU.Build.0 = Release|Any CPU
	EndGlobalSection
	GlobalSection(SolutionProperties) = preSolution
		HideSolutionNode = FALSE
	EndGlobalSection
	GlobalSection(ExtensibilityGlobals) = postSolution
		SolutionGuid = {A6DB5ECF-9124-4454-BD58-2D236EDE9D4A}
	EndGlobalSection
EndGlobal
